
Microsoft Visual Studio Solution File, Format Version 12.00
# Visual Studio Version 17
VisualStudioVersion = 17.0.31919.166
MinimumVisualStudioVersion = 10.0.40219.1
Project("{FAE04EC0-301F-11D3-BF4B-00C04F79EFBC}") = "CandidateTestService.Api", "CandidateTestService.Api\CandidateTestService.Api.csproj", "{70F0EAF7-EA31-4070-BD56-504D38CDDB81}"
EndProject
Project("{FAE04EC0-301F-11D3-BF4B-00C04F79EFBC}") = "CandidateTestService.Service", "CandidateTestService.Service\CandidateTestService.Service.csproj", "{3DAA8124-9586-4493-8420-4F4E0467CDF4}"
EndProject
Project("{FAE04EC0-301F-11D3-BF4B-00C04F79EFBC}") = "CandidateTestService.Core", "CandidateTestService.Core\CandidateTestService.Core.csproj", "{F3EF1CB0-EAC3-4594-BF45-54F722C8C6C9}"
EndProject
Project("{FAE04EC0-301F-11D3-BF4B-00C04F79EFBC}") = "CandidateTestService.Repository", "CandidateTestService.Repository\CandidateTestService.Repository.csproj", "{826B9037-711A-460F-8AF7-85962BD83C15}"
EndProject
Global
	GlobalSection(SolutionConfigurationPlatforms) = preSolution
		Debug|Any CPU = Debug|Any CPU
		Release|Any CPU = Release|Any CPU
	EndGlobalSection
	GlobalSection(ProjectConfigurationPlatforms) = postSolution
		{70F0EAF7-EA31-4070-BD56-504D38CDDB81}.Debug|Any CPU.ActiveCfg = Debug|Any CPU
		{70F0EAF7-EA31-4070-BD56-504D38CDDB81}.Debug|Any CPU.Build.0 = Debug|Any CPU
		{70F0EAF7-EA31-4070-BD56-504D38CDDB81}.Release|Any CPU.ActiveCfg = Release|Any CPU
		{70F0EAF7-EA31-4070-BD56-504D38CDDB81}.Release|Any CPU.Build.0 = Release|Any CPU
		{3DAA8124-9586-4493-8420-4F4E0467CDF4}.Debug|Any CPU.ActiveCfg = Debug|Any CPU
		{3DAA8124-9586-4493-8420-4F4E0467CDF4}.Debug|Any CPU.Build.0 = Debug|Any CPU
		{3DAA8124-9586-4493-8420-4F4E0467CDF4}.Release|Any CPU.ActiveCfg = Release|Any CPU
		{3DAA8124-9586-4493-8420-4F4E0467CDF4}.Release|Any CPU.Build.0 = Release|Any CPU
		{F3EF1CB0-EAC3-4594-BF45-54F722C8C6C9}.Debug|Any CPU.ActiveCfg = Debug|Any CPU
		{F3EF1CB0-EAC3-4594-BF45-54F722C8C6C9}.Debug|Any CPU.Build.0 = Debug|Any CPU
		{F3EF1CB0-EAC3-4594-BF45-54F722C8C6C9}.Release|Any CPU.ActiveCfg = Release|Any CPU
		{F3EF1CB0-EAC3-4594-BF45-54F722C8C6C9}.Release|Any CPU.Build.0 = Release|Any CPU
		{826B9037-711A-460F-8AF7-85962BD83C15}.Debug|Any CPU.ActiveCfg = Debug|Any CPU
		{826B9037-711A-460F-8AF7-85962BD83C15}.Debug|Any CPU.Build.0 = Debug|Any CPU
		{826B9037-711A-460F-8AF7-85962BD83C15}.Release|Any CPU.ActiveCfg = Release|Any CPU
		{826B9037-711A-460F-8AF7-85962BD83C15}.Release|Any CPU.Build.0 = Release|Any CPU
	EndGlobalSection
	GlobalSection(SolutionProperties) = preSolution
		HideSolutionNode = FALSE
	EndGlobalSection
	GlobalSection(ExtensibilityGlobals) = postSolution
		SolutionGuid = {4B8C23FE-2C66-4D20-BFC9-054F1D4F80D5}
	EndGlobalSection
EndGlobal
